// !$*UTF8*$!
{
	archiveVersion = 1;
	classes = {
	};
	objectVersion = 50;
	objects = {

/* Begin PBXBuildFile section */
		38A4DEEE2DFF1A60007B70B7 /* ClockView.swift in Sources */ = {isa = PBXBuildFile; fileRef = 38A4DEED2DFF1A60007B70B7 /* ClockView.swift */; };
		38F3FC6824D6DF850032E6EE /* AppDelegate.swift in Sources */ = {isa = PBXBuildFile; fileRef = 38F3FC6724D6DF850032E6EE /* AppDelegate.swift */; };
		38F3FC6C24D6DF8B0032E6EE /* Assets.xcassets in Resources */ = {isa = PBXBuildFile; fileRef = 38F3FC6B24D6DF8B0032E6EE /* Assets.xcassets */; };
		38F3FC6F24D6DF8B0032E6EE /* Preview Assets.xcassets in Resources */ = {isa = PBXBuildFile; fileRef = 38F3FC6E24D6DF8B0032E6EE /* Preview Assets.xcassets */; };
		38F3FC7224D6DF8B0032E6EE /* Main.storyboard in Resources */ = {isa = PBXBuildFile; fileRef = 38F3FC7024D6DF8B0032E6EE /* Main.storyboard */; };
/* End PBXBuildFile section */

/* Begin PBXFileReference section */
		38A4DEED2DFF1A60007B70B7 /* ClockView.swift */ = {isa = PBXFileReference; lastKnownFileType = sourcecode.swift; path = ClockView.swift; sourceTree = "<group>"; };
		38F3FC6424D6DF850032E6EE /* EverTime.app */ = {isa = PBXFileReference; explicitFileType = wrapper.application; includeInIndex = 0; path = EverTime.app; sourceTree = BUILT_PRODUCTS_DIR; };
		38F3FC6724D6DF850032E6EE /* AppDelegate.swift */ = {isa = PBXFileReference; lastKnownFileType = sourcecode.swift; path = AppDelegate.swift; sourceTree = "<group>"; };
		38F3FC6B24D6DF8B0032E6EE /* Assets.xcassets */ = {isa = PBXFileReference; lastKnownFileType = folder.assetcatalog; path = Assets.xcassets; sourceTree = "<group>"; };
		38F3FC6E24D6DF8B0032E6EE /* Preview Assets.xcassets */ = {isa = PBXFileReference; lastKnownFileType = folder.assetcatalog; path = "Preview Assets.xcassets"; sourceTree = "<group>"; };
		38F3FC7124D6DF8B0032E6EE /* Base */ = {isa = PBXFileReference; lastKnownFileType = file.storyboard; name = Base; path = Base.lproj/Main.storyboard; sourceTree = "<group>"; };
		38F3FC7324D6DF8B0032E6EE /* Info.plist */ = {isa = PBXFileReference; lastKnownFileType = text.plist.xml; path = Info.plist; sourceTree = "<group>"; };
		38F3FC7424D6DF8B0032E6EE /* Everclock.entitlements */ = {isa = PBXFileReference; lastKnownFileType = text.plist.entitlements; path = Everclock.entitlements; sourceTree = "<group>"; };
/* End PBXFileReference section */

/* Begin PBXFrameworksBuildPhase section */
		38F3FC6124D6DF850032E6EE /* Frameworks */ = {
			isa = PBXFrameworksBuildPhase;
			buildActionMask = 2147483647;
			files = (
			);
			runOnlyForDeploymentPostprocessing = 0;
		};
/* End PBXFrameworksBuildPhase section */

/* Begin PBXGroup section */
		38F3FC5B24D6DF850032E6EE = {
			isa = PBXGroup;
			children = (
				38F3FC6624D6DF850032E6EE /* Everclock */,
				38F3FC6524D6DF850032E6EE /* Products */,
			);
			sourceTree = "<group>";
		};
		38F3FC6524D6DF850032E6EE /* Products */ = {
			isa = PBXGroup;
			children = (
				38F3FC6424D6DF850032E6EE /* EverTime.app */,
			);
			name = Products;
			sourceTree = "<group>";
		};
		38F3FC6624D6DF850032E6EE /* Everclock */ = {
			isa = PBXGroup;
			children = (
				38A4DEED2DFF1A60007B70B7 /* ClockView.swift */,
				38F3FC6724D6DF850032E6EE /* AppDelegate.swift */,
				38F3FC6B24D6DF8B0032E6EE /* Assets.xcassets */,
				38F3FC7024D6DF8B0032E6EE /* Main.storyboard */,
				38F3FC7324D6DF8B0032E6EE /* Info.plist */,
				38F3FC7424D6DF8B0032E6EE /* Everclock.entitlements */,
				38F3FC6D24D6DF8B0032E6EE /* Preview Content */,
			);
			path = Everclock;
			sourceTree = "<group>";
		};
		38F3FC6D24D6DF8B0032E6EE /* Preview Content */ = {
			isa = PBXGroup;
			children = (
				38F3FC6E24D6DF8B0032E6EE /* Preview Assets.xcassets */,
			);
			path = "Preview Content";
			sourceTree = "<group>";
		};
/* End PBXGroup section */

/* Begin PBXNativeTarget section */
		38F3FC6324D6DF850032E6EE /* Everclock */ = {
			isa = PBXNativeTarget;
			buildConfigurationList = 38F3FC7724D6DF8B0032E6EE /* Build configuration list for PBXNativeTarget "Everclock" */;
			buildPhases = (
				38F3FC6024D6DF850032E6EE /* Sources */,
				38F3FC6124D6DF850032E6EE /* Frameworks */,
				38F3FC6224D6DF850032E6EE /* Resources */,
			);
			buildRules = (
			);
			dependencies = (
			);
			name = Everclock;
			productName = Everclock;
			productReference = 38F3FC6424D6DF850032E6EE /* EverTime.app */;
			productType = "com.apple.product-type.application";
		};
/* End PBXNativeTarget section */

/* Begin PBXProject section */
		38F3FC5C24D6DF850032E6EE /* Project object */ = {
			isa = PBXProject;
			attributes = {
				LastSwiftUpdateCheck = 1150;
				LastUpgradeCheck = 1150;
				ORGANIZATIONNAME = "Alvaro Ramirez";
				TargetAttributes = {
					38F3FC6324D6DF850032E6EE = {
						CreatedOnToolsVersion = 11.5;
					};
				};
			};
			buildConfigurationList = 38F3FC5F24D6DF850032E6EE /* Build configuration list for PBXProject "Everclock" */;
			compatibilityVersion = "Xcode 9.3";
			developmentRegion = en;
			hasScannedForEncodings = 0;
			knownRegions = (
				en,
				Base,
			);
			mainGroup = 38F3FC5B24D6DF850032E6EE;
			productRefGroup = 38F3FC6524D6DF850032E6EE /* Products */;
			projectDirPath = "";
			projectRoot = "";
			targets = (
				38F3FC6324D6DF850032E6EE /* Everclock */,
			);
		};
/* End PBXProject section */

/* Begin PBXResourcesBuildPhase section */
		38F3FC6224D6DF850032E6EE /* Resources */ = {
			isa = PBXResourcesBuildPhase;
			buildActionMask = 2147483647;
			files = (
				38F3FC7224D6DF8B0032E6EE /* Main.storyboard in Resources */,
				38F3FC6F24D6DF8B0032E6EE /* Preview Assets.xcassets in Resources */,
				38F3FC6C24D6DF8B0032E6EE /* Assets.xcassets in Resources */,
			);
			runOnlyForDeploymentPostprocessing = 0;
		};
/* End PBXResourcesBuildPhase section */

/* Begin PBXSourcesBuildPhase section */
		38F3FC6024D6DF850032E6EE /* Sources */ = {
			isa = PBXSourcesBuildPhase;
			buildActionMask = 2147483647;
			files = (
				38F3FC6824D6DF850032E6EE /* AppDelegate.swift in Sources */,
				38A4DEEE2DFF1A60007B70B7 /* ClockView.swift in Sources */,
			);
			runOnlyForDeploymentPostprocessing = 0;
		};
/* End PBXSourcesBuildPhase section */

/* Begin PBXVariantGroup section */
		38F3FC7024D6DF8B0032E6EE /* Main.storyboard */ = {
			isa = PBXVariantGroup;
			children = (
				38F3FC7124D6DF8B0032E6EE /* Base */,
			);
			name = Main.storyboard;
			sourceTree = "<group>";
		};
/* End PBXVariantGroup section */

/* Begin XCBuildConfiguration section */
		38F3FC7524D6DF8B0032E6EE /* Debug */ = {
			isa = XCBuildConfiguration;
			buildSettings = {
				ALWAYS_SEARCH_USER_PATHS = NO;
				CLANG_ANALYZER_NONNULL = YES;
				CLANG_ANALYZER_NUMBER_OBJECT_CONVERSION = YES_AGGRESSIVE;
				CLANG_CXX_LANGUAGE_STANDARD = "gnu++14";
				CLANG_CXX_LIBRARY = "libc++";
				CLANG_ENABLE_MODULES = YES;
				CLANG_ENABLE_OBJC_ARC = YES;
				CLANG_ENABLE_OBJC_WEAK = YES;
				CLANG_WARN_BLOCK_CAPTURE_AUTORELEASING = YES;
				CLANG_WARN_BOOL_CONVERSION = YES;
				CLANG_WARN_COMMA = YES;
				CLANG_WARN_CONSTANT_CONVERSION = YES;
				CLANG_WARN_DEPRECATED_OBJC_IMPLEMENTATIONS = YES;
				CLANG_WARN_DIRECT_OBJC_ISA_USAGE = YES_ERROR;
				CLANG_WARN_DOCUMENTATION_COMMENTS = YES;
				CLANG_WARN_EMPTY_BODY = YES;
				CLANG_WARN_ENUM_CONVERSION = YES;
				CLANG_WARN_INFINITE_RECURSION = YES;
				CLANG_WARN_INT_CONVERSION = YES;
				CLANG_WARN_NON_LITERAL_NULL_CONVERSION = YES;
				CLANG_WARN_OBJC_IMPLICIT_RETAIN_SELF = YES;
				CLANG_WARN_OBJC_LITERAL_CONVERSION = YES;
				CLANG_WARN_OBJC_ROOT_CLASS = YES_ERROR;
				CLANG_WARN_RANGE_LOOP_ANALYSIS = YES;
				CLANG_WARN_STRICT_PROTOTYPES = YES;
				CLANG_WARN_SUSPICIOUS_MOVE = YES;
				CLANG_WARN_UNGUARDED_AVAILABILITY = YES_AGGRESSIVE;
				CLANG_WARN_UNREACHABLE_CODE = YES;
				CLANG_WARN__DUPLICATE_METHOD_MATCH = YES;
				COPY_PHASE_STRIP = NO;
				DEBUG_INFORMATION_FORMAT = dwarf;
				ENABLE_STRICT_OBJC_MSGSEND = YES;
				ENABLE_TESTABILITY = YES;
				GCC_C_LANGUAGE_STANDARD = gnu11;
				GCC_DYNAMIC_NO_PIC = NO;
				GCC_NO_COMMON_BLOCKS = YES;
				GCC_OPTIMIZATION_LEVEL = 0;
				GCC_PREPROCESSOR_DEFINITIONS = (
					"DEBUG=1",
					"$(inherited)",
				);
				GCC_WARN_64_TO_32_BIT_CONVERSION = YES;
				GCC_WARN_ABOUT_RETURN_TYPE = YES_ERROR;
				GCC_WARN_UNDECLARED_SELECTOR = YES;
				GCC_WARN_UNINITIALIZED_AUTOS = YES_AGGRESSIVE;
				GCC_WARN_UNUSED_FUNCTION = YES;
				GCC_WARN_UNUSED_VARIABLE = YES;
				MACOSX_DEPLOYMENT_TARGET = 10.15;
				MTL_ENABLE_DEBUG_INFO = INCLUDE_SOURCE;
				MTL_FAST_MATH = YES;
				ONLY_ACTIVE_ARCH = YES;
				SDKROOT = macosx;
				SWIFT_ACTIVE_COMPILATION_CONDITIONS = DEBUG;
				SWIFT_OPTIMIZATION_LEVEL = "-Onone";
			};
			name = Debug;
		};
		38F3FC7624D6DF8B0032E6EE /* Release */ = {
			isa = XCBuildConfiguration;
			buildSettings = {
				ALWAYS_SEARCH_USER_PATHS = NO;
				CLANG_ANALYZER_NONNULL = YES;
				CLANG_ANALYZER_NUMBER_OBJECT_CONVERSION = YES_AGGRESSIVE;
				CLANG_CXX_LANGUAGE_STANDARD = "gnu++14";
				CLANG_CXX_LIBRARY = "libc++";
				CLANG_ENABLE_MODULES = YES;
				CLANG_ENABLE_OBJC_ARC = YES;
				CLANG_ENABLE_OBJC_WEAK = YES;
				CLANG_WARN_BLOCK_CAPTURE_AUTORELEASING = YES;
				CLANG_WARN_BOOL_CONVERSION = YES;
				CLANG_WARN_COMMA = YES;
				CLANG_WARN_CONSTANT_CONVERSION = YES;
				CLANG_WARN_DEPRECATED_OBJC_IMPLEMENTATIONS = YES;
				CLANG_WARN_DIRECT_OBJC_ISA_USAGE = YES_ERROR;
				CLANG_WARN_DOCUMENTATION_COMMENTS = YES;
				CLANG_WARN_EMPTY_BODY = YES;
				CLANG_WARN_ENUM_CONVERSION = YES;
				CLANG_WARN_INFINITE_RECURSION = YES;
				CLANG_WARN_INT_CONVERSION = YES;
				CLANG_WARN_NON_LITERAL_NULL_CONVERSION = YES;
				CLANG_WARN_OBJC_IMPLICIT_RETAIN_SELF = YES;
				CLANG_WARN_OBJC_LITERAL_CONVERSION = YES;
				CLANG_WARN_OBJC_ROOT_CLASS = YES_ERROR;
				CLANG_WARN_RANGE_LOOP_ANALYSIS = YES;
				CLANG_WARN_STRICT_PROTOTYPES = YES;
				CLANG_WARN_SUSPICIOUS_MOVE = YES;
				CLANG_WARN_UNGUARDED_AVAILABILITY = YES_AGGRESSIVE;
				CLANG_WARN_UNREACHABLE_CODE = YES;
				CLANG_WARN__DUPLICATE_METHOD_MATCH = YES;
				COPY_PHASE_STRIP = NO;
				DEBUG_INFORMATION_FORMAT = "dwarf-with-dsym";
				ENABLE_NS_ASSERTIONS = NO;
				ENABLE_STRICT_OBJC_MSGSEND = YES;
				GCC_C_LANGUAGE_STANDARD = gnu11;
				GCC_NO_COMMON_BLOCKS = YES;
				GCC_WARN_64_TO_32_BIT_CONVERSION = YES;
				GCC_WARN_ABOUT_RETURN_TYPE = YES_ERROR;
				GCC_WARN_UNDECLARED_SELECTOR = YES;
				GCC_WARN_UNINITIALIZED_AUTOS = YES_AGGRESSIVE;
				GCC_WARN_UNUSED_FUNCTION = YES;
				GCC_WARN_UNUSED_VARIABLE = YES;
				MACOSX_DEPLOYMENT_TARGET = 10.15;
				MTL_ENABLE_DEBUG_INFO = NO;
				MTL_FAST_MATH = YES;
				SDKROOT = macosx;
				SWIFT_COMPILATION_MODE = wholemodule;
				SWIFT_OPTIMIZATION_LEVEL = "-O";
			};
			name = Release;
		};
		38F3FC7824D6DF8B0032E6EE /* Debug */ = {
			isa = XCBuildConfiguration;
			buildSettings = {
				ASSETCATALOG_COMPILER_APPICON_NAME = AppIcon;
				CODE_SIGN_ENTITLEMENTS = Everclock/Everclock.entitlements;
				CODE_SIGN_IDENTITY = "Apple Development";
				CODE_SIGN_STYLE = Automatic;
				COMBINE_HIDPI_IMAGES = YES;
				DEVELOPMENT_ASSET_PATHS = "\"Everclock/Preview Content\"";
				DEVELOPMENT_TEAM = YFGPBJ2T8R;
				ENABLE_HARDENED_RUNTIME = YES;
				ENABLE_PREVIEWS = YES;
				INFOPLIST_FILE = Everclock/Info.plist;
				LD_RUNPATH_SEARCH_PATHS = (
					"$(inherited)",
					"@executable_path/../Frameworks",
				);
				MACOSX_DEPLOYMENT_TARGET = 11.5;
				PRODUCT_BUNDLE_IDENTIFIER = com.xenodium.EverTime;
				PRODUCT_NAME = EverTime;
				PROVISIONING_PROFILE_SPECIFIER = "";
				SWIFT_VERSION = 5.0;
			};
			name = Debug;
		};
		38F3FC7924D6DF8B0032E6EE /* Release */ = {
			isa = XCBuildConfiguration;
			buildSettings = {
				ASSETCATALOG_COMPILER_APPICON_NAME = AppIcon;
				CODE_SIGN_ENTITLEMENTS = Everclock/Everclock.entitlements;
				CODE_SIGN_IDENTITY = "Apple Development";
				CODE_SIGN_STYLE = Automatic;
				COMBINE_HIDPI_IMAGES = YES;
				DEVELOPMENT_ASSET_PATHS = "\"Everclock/Preview Content\"";
				DEVELOPMENT_TEAM = YFGPBJ2T8R;
				ENABLE_HARDENED_RUNTIME = YES;
				ENABLE_PREVIEWS = YES;
				INFOPLIST_FILE = Everclock/Info.plist;
				LD_RUNPATH_SEARCH_PATHS = (
					"$(inherited)",
					"@executable_path/../Frameworks",
				);
				MACOSX_DEPLOYMENT_TARGET = 11.5;
				PRODUCT_BUNDLE_IDENTIFIER = com.xenodium.EverTime;
				PRODUCT_NAME = EverTime;
				PROVISIONING_PROFILE_SPECIFIER = "";
				SWIFT_VERSION = 5.0;
			};
			name = Release;
		};
/* End XCBuildConfiguration section */

/* Begin XCConfigurationList section */
		38F3FC5F24D6DF850032E6EE /* Build configuration list for PBXProject "Everclock" */ = {
			isa = XCConfigurationList;
			buildConfigurations = (
				38F3FC7524D6DF8B0032E6EE /* Debug */,
				38F3FC7624D6DF8B0032E6EE /* Release */,
			);
			defaultConfigurationIsVisible = 0;
			defaultConfigurationName = Release;
		};
		38F3FC7724D6DF8B0032E6EE /* Build configuration list for PBXNativeTarget "Everclock" */ = {
			isa = XCConfigurationList;
			buildConfigurations = (
				38F3FC7824D6DF8B0032E6EE /* Debug */,
				38F3FC7924D6DF8B0032E6EE /* Release */,
			);
			defaultConfigurationIsVisible = 0;
			defaultConfigurationName = Release;
		};
/* End XCConfigurationList section */
	};
	rootObject = 38F3FC5C24D6DF850032E6EE /* Project object */;
}
